{
  "name": "video",
  "version": "1.0.0",
  "lockfileVersion": 3,
  "requires": true,
  "packages": {
    "": {
      "name": "video",
      "version": "1.0.0",
      "license": "ISC",
      "dependencies": {
        "@fontsource/cormorant-garamond": "^5.3.0",
        "@fontsource/jetbrains-mono": "^5.3.0",
        "@fontsource/noto-sans-jp": "^5.3.0",
        "@fontsource/noto-serif-jp": "^5.3.0",
        "@fontsource/shippori-mincho": "^5.3.0",
        "gsap": "^3.15.0"
      }
    },
    "node_modules/@fontsource/cormorant-garamond": {
      "version": "5.3.0",
      "resolved": "https://registry.npmjs.org/@fontsource/cormorant-garamond/-/cormorant-garamond-5.3.0.tgz",
      "integrity": "sha512-weuGsCirGVWBWqpt6YUp0yLThTe4G8YO45noq8wxeJCRvEpq5lFrxNMFSTxcyOyV5k5otzJ8guDzYegdYlcLMQ==",
      "license": "OFL-1.1",
      "funding": {
        "url": "https://github.com/sponsors/ayuhito"
      }
    },
    "node_modules/@fontsource/jetbrains-mono": {
      "version": "5.3.0",
      "resolved": "https://registry.npmjs.org/@fontsource/jetbrains-mono/-/jetbrains-mono-5.3.0.tgz",
      "integrity": "sha512-fqDfB5I9f1p1TV486aUgB9t8zP84P0O1FtQR5Ol9vjwPy+S+EIGlVYm1cvj2W5shcZMTg2nZFdVMoH5wFu8a1A==",
      "license": "OFL-1.1",
      "funding": {
        "url": "https://github.com/sponsors/ayuhito"
      }
    },
    "node_modules/@fontsource/noto-sans-jp": {
      "version": "5.3.0",
      "resolved": "https://registry.npmjs.org/@fontsource/noto-sans-jp/-/noto-sans-jp-5.3.0.tgz",
      "integrity": "sha512-OZbBzZ8LrFRs2RFT2Cc0HUV2C2ZeSfyEXhDJWR0EZuZaraJfRubpvrFmUnCljuBDEkw8Vn6CE/+nf9dj9b+0lg==",
      "license": "OFL-1.1",
      "funding": {
        "url": "https://github.com/sponsors/ayuhito"
      }
    },
    "node_modules/@fontsource/noto-serif-jp": {
      "version": "5.3.0",
      "resolved": "https://registry.npmjs.org/@fontsource/noto-serif-jp/-/noto-serif-jp-5.3.0.tgz",
      "integrity": "sha512-7dRFleN7F+uuJdcMW/fJmnl6KLZSn9dHCjAVTaWjTcT4hg5V4ECbi2qgIamI6rS/+yTt16KDLU+9aJi74r6ZxQ==",
      "license": "OFL-1.1",
      "funding": {
        "url": "https://github.com/sponsors/ayuhito"
      }
    },
    "node_modules/@fontsource/shippori-mincho": {
      "version": "5.3.0",
      "resolved": "https://registry.npmjs.org/@fontsource/shippori-mincho/-/shippori-mincho-5.3.0.tgz",
      "integrity": "sha512-S41kRxQuubAaYss+LeXu0IOc02RQwsPaJbR1cWZx4VV15hXaYZViH3WAve9HpDVFqKYd/BVk86Bg7lp9ytV3KQ==",
      "license": "OFL-1.1",
      "funding": {
        "url": "https://github.com/sponsors/ayuhito"
      }
    },
    "node_modules/gsap": {
      "version": "3.15.0",
      "resolved": "https://registry.npmjs.org/gsap/-/gsap-3.15.0.tgz",
      "integrity": "sha512-dMW4CWBTUK1AEEDeZc1g4xpPGIrSf9fJF960qbTZmN/QwZIWY5wgliS6JWl9/25fpTGJrMRtSjGtOmPnfjZB+A==",
      "license": "Standard 'no charge' license: https://gsap.com/standard-license."
    }
  }
}
